// !$*UTF8*$!
{
	archiveVersion = 1;
	classes = {
	};
	objectVersion = 46;
	objects = {

/* Begin PBXBuildFile section */
		695813C1199ADE2600E02D01 /* Foundation.framework in Frameworks */ = {isa = PBXBuildFile; fileRef = 695813C0199ADE2600E02D01 /* Foundation.framework */; };
		695813C3199ADE2600E02D01 /* CoreGraphics.framework in Frameworks */ = {isa = PBXBuildFile; fileRef = 695813C2199ADE2600E02D01 /* CoreGraphics.framework */; };
		695813C5199ADE2600E02D01 /* UIKit.framework in Frameworks */ = {isa = PBXBuildFile; fileRef = 695813C4199ADE2600E02D01 /* UIKit.framework */; };
		695813CB199ADE2600E02D01 /* InfoPlist.strings in Resources */ = {isa = PBXBuildFile; fileRef = 695813C9199ADE2600E02D01 /* InfoPlist.strings */; };
		695813CD199ADE2600E02D01 /* main.m in Sources */ = {isa = PBXBuildFile; fileRef = 695813CC199ADE2600E02D01 /* main.m */; };
		695813D1199ADE2600E02D01 /* WDYAppDelegate.m in Sources */ = {isa = PBXBuildFile; fileRef = 695813D0199ADE2600E02D01 /* WDYAppDelegate.m */; };
		695813D4199ADE2600E02D01 /* Main.storyboard in Resources */ = {isa = PBXBuildFile; fileRef = 695813D2199ADE2600E02D01 /* Main.storyboard */; };
		695813D7199ADE2600E02D01 /* WDYViewController.m in Sources */ = {isa = PBXBuildFile; fileRef = 695813D6199ADE2600E02D01 /* WDYViewController.m */; };
		695813D9199ADE2600E02D01 /* Images.xcassets in Resources */ = {isa = PBXBuildFile; fileRef = 695813D8199ADE2600E02D01 /* Images.xcassets */; };
		695813E0199ADE2600E02D01 /* XCTest.framework in Frameworks */ = {isa = PBXBuildFile; fileRef = 695813DF199ADE2600E02D01 /* XCTest.framework */; };
		695813E1199ADE2600E02D01 /* Foundation.framework in Frameworks */ = {isa = PBXBuildFile; fileRef = 695813C0199ADE2600E02D01 /* Foundation.framework */; };
		695813E2199ADE2600E02D01 /* UIKit.framework in Frameworks */ = {isa = PBXBuildFile; fileRef = 695813C4199ADE2600E02D01 /* UIKit.framework */; };
		695813EA199ADE2600E02D01 /* InfoPlist.strings in Resources */ = {isa = PBXBuildFile; fileRef = 695813E8199ADE2600E02D01 /* InfoPlist.strings */; };
		695813EC199ADE2600E02D01 /* UITableViewController_Challenge_SolutionTests.m in Sources */ = {isa = PBXBuildFile; fileRef = 695813EB199ADE2600E02D01 /* UITableViewController_Challenge_SolutionTests.m */; };
/* End PBXBuildFile section */

/* Begin PBXContainerItemProxy section */
		695813E3199ADE2600E02D01 /* PBXContainerItemProxy */ = {
			isa = PBXContainerItemProxy;
			containerPortal = 695813B5199ADE2600E02D01 /* Project object */;
			proxyType = 1;
			remoteGlobalIDString = 695813BC199ADE2600E02D01;
			remoteInfo = "UITableViewController Challenge Solution";
		};
/* End PBXContainerItemProxy section */

/* Begin PBXFileReference section */
		695813BD199ADE2600E02D01 /* UITableViewController Challenge Solution.app */ = {isa = PBXFileReference; explicitFileType = wrapper.application; includeInIndex = 0; path = "UITableViewController Challenge Solution.app"; sourceTree = BUILT_PRODUCTS_DIR; };
		695813C0199ADE2600E02D01 /* Foundation.framework */ = {isa = PBXFileReference; lastKnownFileType = wrapper.framework; name = Foundation.framework; path = System/Library/Frameworks/Foundation.framework; sourceTree = SDKROOT; };
		695813C2199ADE2600E02D01 /* CoreGraphics.framework */ = {isa = PBXFileReference; lastKnownFileType = wrapper.framework; name = CoreGraphics.framework; path = System/Library/Frameworks/CoreGraphics.framework; sourceTree = SDKROOT; };
		695813C4199ADE2600E02D01 /* UIKit.framework */ = {isa = PBXFileReference; lastKnownFileType = wrapper.framework; name = UIKit.framework; path = System/Library/Frameworks/UIKit.framework; sourceTree = SDKROOT; };
		695813C8199ADE2600E02D01 /* UITableViewController Challenge Solution-Info.plist */ = {isa = PBXFileReference; lastKnownFileType = text.plist.xml; path = "UITableViewController Challenge Solution-Info.plist"; sourceTree = "<group>"; };
		695813CA199ADE2600E02D01 /* en */ = {isa = PBXFileReference; lastKnownFileType = text.plist.strings; name = en; path = en.lproj/InfoPlist.strings; sourceTree = "<group>"; };
		695813CC199ADE2600E02D01 /* main.m */ = {isa = PBXFileReference; lastKnownFileType = sourcecode.c.objc; path = main.m; sourceTree = "<group>"; };
		695813CE199ADE2600E02D01 /* UITableViewController Challenge Solution-Prefix.pch */ = {isa = PBXFileReference; lastKnownFileType = sourcecode.c.h; path = "UITableViewController Challenge Solution-Prefix.pch"; sourceTree = "<group>"; };
		695813CF199ADE2600E02D01 /* WDYAppDelegate.h */ = {isa = PBXFileReference; lastKnownFileType = sourcecode.c.h; path = WDYAppDelegate.h; sourceTree = "<group>"; };
		695813D0199ADE2600E02D01 /* WDYAppDelegate.m */ = {isa = PBXFileReference; lastKnownFileType = sourcecode.c.objc; path = WDYAppDelegate.m; sourceTree = "<group>"; };
		695813D3199ADE2600E02D01 /* Base */ = {isa = PBXFileReference; lastKnownFileType = file.storyboard; name = Base; path = Base.lproj/Main.storyboard; sourceTree = "<group>"; };
		695813D5199ADE2600E02D01 /* WDYViewController.h */ = {isa = PBXFileReference; lastKnownFileType = sourcecode.c.h; path = WDYViewController.h; sourceTree = "<group>"; };
		695813D6199ADE2600E02D01 /* WDYViewController.m */ = {isa = PBXFileReference; lastKnownFileType = sourcecode.c.objc; path = WDYViewController.m; sourceTree = "<group>"; };
		695813D8199ADE2600E02D01 /* Images.xcassets */ = {isa = PBXFileReference; lastKnownFileType = folder.assetcatalog; path = Images.xcassets; sourceTree = "<group>"; };
		695813DE199ADE2600E02D01 /* UITableViewController Challenge SolutionTests.xctest */ = {isa = PBXFileReference; explicitFileType = wrapper.cfbundle; includeInIndex = 0; path = "UITableViewController Challenge SolutionTests.xctest"; sourceTree = BUILT_PRODUCTS_DIR; };
		695813DF199ADE2600E02D01 /* XCTest.framework */ = {isa = PBXFileReference; lastKnownFileType = wrapper.framework; name = XCTest.framework; path = Library/Frameworks/XCTest.framework; sourceTree = DEVELOPER_DIR; };
		695813E7199ADE2600E02D01 /* UITableViewController Challenge SolutionTests-Info.plist */ = {isa = PBXFileReference; lastKnownFileType = text.plist.xml; path = "UITableViewController Challenge SolutionTests-Info.plist"; sourceTree = "<group>"; };
		695813E9199ADE2600E02D01 /* en */ = {isa = PBXFileReference; lastKnownFileType = text.plist.strings; name = en; path = en.lproj/InfoPlist.strings; sourceTree = "<group>"; };
		695813EB199ADE2600E02D01 /* UITableViewController_Challenge_SolutionTests.m */ = {isa = PBXFileReference; lastKnownFileType = sourcecode.c.objc; path = UITableViewController_Challenge_SolutionTests.m; sourceTree = "<group>"; };
/* End PBXFileReference section */

/* Begin PBXFrameworksBuildPhase section */
		695813BA199ADE2600E02D01 /* Frameworks */ = {
			isa = PBXFrameworksBuildPhase;
			buildActionMask = 2147483647;
			files = (
				695813C3199ADE2600E02D01 /* CoreGraphics.framework in Frameworks */,
				695813C5199ADE2600E02D01 /* UIKit.framework in Frameworks */,
				695813C1199ADE2600E02D01 /* Foundation.framework in Frameworks */,
			);
			runOnlyForDeploymentPostprocessing = 0;
		};
		695813DB199ADE2600E02D01 /* Frameworks */ = {
			isa = PBXFrameworksBuildPhase;
			buildActionMask = 2147483647;
			files = (
				695813E0199ADE2600E02D01 /* XCTest.framework in Frameworks */,
				695813E2199ADE2600E02D01 /* UIKit.framework in Frameworks */,
				695813E1199ADE2600E02D01 /* Foundation.framework in Frameworks */,
			);
			runOnlyForDeploymentPostprocessing = 0;
		};
/* End PBXFrameworksBuildPhase section */

/* Begin PBXGroup section */
		695813B4199ADE2600E02D01 = {
			isa = PBXGroup;
			children = (
				695813C6199ADE2600E02D01 /* UITableViewController Challenge Solution */,
				695813E5199ADE2600E02D01 /* UITableViewController Challenge SolutionTests */,
				695813BF199ADE2600E02D01 /* Frameworks */,
				695813BE199ADE2600E02D01 /* Products */,
			);
			sourceTree = "<group>";
		};
		695813BE199ADE2600E02D01 /* Products */ = {
			isa = PBXGroup;
			children = (
				695813BD199ADE2600E02D01 /* UITableViewController Challenge Solution.app */,
				695813DE199ADE2600E02D01 /* UITableViewController Challenge SolutionTests.xctest */,
			);
			name = Products;
			sourceTree = "<group>";
		};
		695813BF199ADE2600E02D01 /* Frameworks */ = {
			isa = PBXGroup;
			children = (
				695813C0199ADE2600E02D01 /* Foundation.framework */,
				695813C2199ADE2600E02D01 /* CoreGraphics.framework */,
				695813C4199ADE2600E02D01 /* UIKit.framework */,
				695813DF199ADE2600E02D01 /* XCTest.framework */,
			);
			name = Frameworks;
			sourceTree = "<group>";
		};
		695813C6199ADE2600E02D01 /* UITableViewController Challenge Solution */ = {
			isa = PBXGroup;
			children = (
				695813CF199ADE2600E02D01 /* WDYAppDelegate.h */,
				695813D0199ADE2600E02D01 /* WDYAppDelegate.m */,
				695813D2199ADE2600E02D01 /* Main.storyboard */,
				695813D5199ADE2600E02D01 /* WDYViewController.h */,
				695813D6199ADE2600E02D01 /* WDYViewController.m */,
				695813D8199ADE2600E02D01 /* Images.xcassets */,
				695813C7199ADE2600E02D01 /* Supporting Files */,
			);
			path = "UITableViewController Challenge Solution";
			sourceTree = "<group>";
		};
		695813C7199ADE2600E02D01 /* Supporting Files */ = {
			isa = PBXGroup;
			children = (
				695813C8199ADE2600E02D01 /* UITableViewController Challenge Solution-Info.plist */,
				695813C9199ADE2600E02D01 /* InfoPlist.strings */,
				695813CC199ADE2600E02D01 /* main.m */,
				695813CE199ADE2600E02D01 /* UITableViewController Challenge Solution-Prefix.pch */,
			);
			name = "Supporting Files";
			sourceTree = "<group>";
		};
		695813E5199ADE2600E02D01 /* UITableViewController Challenge SolutionTests */ = {
			isa = PBXGroup;
			children = (
				695813EB199ADE2600E02D01 /* UITableViewController_Challenge_SolutionTests.m */,
				695813E6199ADE2600E02D01 /* Supporting Files */,
			);
			path = "UITableViewController Challenge SolutionTests";
			sourceTree = "<group>";
		};
		695813E6199ADE2600E02D01 /* Supporting Files */ = {
			isa = PBXGroup;
			children = (
				695813E7199ADE2600E02D01 /* UITableViewController Challenge SolutionTests-Info.plist */,
				695813E8199ADE2600E02D01 /* InfoPlist.strings */,
			);
			name = "Supporting Files";
			sourceTree = "<group>";
		};
/* End PBXGroup section */

/* Begin PBXNativeTarget section */
		695813BC199ADE2600E02D01 /* UITableViewController Challenge Solution */ = {
			isa = PBXNativeTarget;
			buildConfigurationList = 695813EF199ADE2600E02D01 /* Build configuration list for PBXNativeTarget "UITableViewController Challenge Solution" */;
			buildPhases = (
				695813B9199ADE2600E02D01 /* Sources */,
				695813BA199ADE2600E02D01 /* Frameworks */,
				695813BB199ADE2600E02D01 /* Resources */,
			);
			buildRules = (
			);
			dependencies = (
			);
			name = "UITableViewController Challenge Solution";
			productName = "UITableViewController Challenge Solution";
			productReference = 695813BD199ADE2600E02D01 /* UITableViewController Challenge Solution.app */;
			productType = "com.apple.product-type.application";
		};
		695813DD199ADE2600E02D01 /* UITableViewController Challenge SolutionTests */ = {
			isa = PBXNativeTarget;
			buildConfigurationList = 695813F2199ADE2600E02D01 /* Build configuration list for PBXNativeTarget "UITableViewController Challenge SolutionTests" */;
			buildPhases = (
				695813DA199ADE2600E02D01 /* Sources */,
				695813DB199ADE2600E02D01 /* Frameworks */,
				695813DC199ADE2600E02D01 /* Resources */,
			);
			buildRules = (
			);
			dependencies = (
				695813E4199ADE2600E02D01 /* PBXTargetDependency */,
			);
			name = "UITableViewController Challenge SolutionTests";
			productName = "UITableViewController Challenge SolutionTests";
			productReference = 695813DE199ADE2600E02D01 /* UITableViewController Challenge SolutionTests.xctest */;
			productType = "com.apple.product-type.bundle.unit-test";
		};
/* End PBXNativeTarget section */

/* Begin PBXProject section */
		695813B5199ADE2600E02D01 /* Project object */ = {
			isa = PBXProject;
			attributes = {
				CLASSPREFIX = WDY;
				LastUpgradeCheck = 0510;
				ORGANIZATIONNAME = WAYNEYAHNKE;
				TargetAttributes = {
					695813DD199ADE2600E02D01 = {
						TestTargetID = 695813BC199ADE2600E02D01;
					};
				};
			};
			buildConfigurationList = 695813B8199ADE2600E02D01 /* Build configuration list for PBXProject "UITableViewController Challenge Solution" */;
			compatibilityVersion = "Xcode 3.2";
			developmentRegion = English;
			hasScannedForEncodings = 0;
			knownRegions = (
				en,
				Base,
			);
			mainGroup = 695813B4199ADE2600E02D01;
			productRefGroup = 695813BE199ADE2600E02D01 /* Products */;
			projectDirPath = "";
			projectRoot = "";
			targets = (
				695813BC199ADE2600E02D01 /* UITableViewController Challenge Solution */,
				695813DD199ADE2600E02D01 /* UITableViewController Challenge SolutionTests */,
			);
		};
/* End PBXProject section */

/* Begin PBXResourcesBuildPhase section */
		695813BB199ADE2600E02D01 /* Resources */ = {
			isa = PBXResourcesBuildPhase;
			buildActionMask = 2147483647;
			files = (
				695813D9199ADE2600E02D01 /* Images.xcassets in Resources */,
				695813CB199ADE2600E02D01 /* InfoPlist.strings in Resources */,
				695813D4199ADE2600E02D01 /* Main.storyboard in Resources */,
			);
			runOnlyForDeploymentPostprocessing = 0;
		};
		695813DC199ADE2600E02D01 /* Resources */ = {
			isa = PBXResourcesBuildPhase;
			buildActionMask = 2147483647;
			files = (
				695813EA199ADE2600E02D01 /* InfoPlist.strings in Resources */,
			);
			runOnlyForDeploymentPostprocessing = 0;
		};
/* End PBXResourcesBuildPhase section */

/* Begin PBXSourcesBuildPhase section */
		695813B9199ADE2600E02D01 /* Sources */ = {
			isa = PBXSourcesBuildPhase;
			buildActionMask = 2147483647;
			files = (
				695813CD199ADE2600E02D01 /* main.m in Sources */,
				695813D1199ADE2600E02D01 /* WDYAppDelegate.m in Sources */,
				695813D7199ADE2600E02D01 /* WDYViewController.m in Sources */,
			);
			runOnlyForDeploymentPostprocessing = 0;
		};
		695813DA199ADE2600E02D01 /* Sources */ = {
			isa = PBXSourcesBuildPhase;
			buildActionMask = 2147483647;
			files = (
				695813EC199ADE2600E02D01 /* UITableViewController_Challenge_SolutionTests.m in Sources */,
			);
			runOnlyForDeploymentPostprocessing = 0;
		};
/* End PBXSourcesBuildPhase section */

/* Begin PBXTargetDependency section */
		695813E4199ADE2600E02D01 /* PBXTargetDependency */ = {
			isa = PBXTargetDependency;
			target = 695813BC199ADE2600E02D01 /* UITableViewController Challenge Solution */;
			targetProxy = 695813E3199ADE2600E02D01 /* PBXContainerItemProxy */;
		};
/* End PBXTargetDependency section */

/* Begin PBXVariantGroup section */
		695813C9199ADE2600E02D01 /* InfoPlist.strings */ = {
			isa = PBXVariantGroup;
			children = (
				695813CA199ADE2600E02D01 /* en */,
			);
			name = InfoPlist.strings;
			sourceTree = "<group>";
		};
		695813D2199ADE2600E02D01 /* Main.storyboard */ = {
			isa = PBXVariantGroup;
			children = (
				695813D3199ADE2600E02D01 /* Base */,
			);
			name = Main.storyboard;
			sourceTree = "<group>";
		};
		695813E8199ADE2600E02D01 /* InfoPlist.strings */ = {
			isa = PBXVariantGroup;
			children = (
				695813E9199ADE2600E02D01 /* en */,
			);
			name = InfoPlist.strings;
			sourceTree = "<group>";
		};
/* End PBXVariantGroup section */

/* Begin XCBuildConfiguration section */
		695813ED199ADE2600E02D01 /* Debug */ = {
			isa = XCBuildConfiguration;
			buildSettings = {
				ALWAYS_SEARCH_USER_PATHS = NO;
				CLANG_CXX_LANGUAGE_STANDARD = "gnu++0x";
				CLANG_CXX_LIBRARY = "libc++";
				CLANG_ENABLE_MODULES = YES;
				CLANG_ENABLE_OBJC_ARC = YES;
				CLANG_WARN_BOOL_CONVERSION = YES;
				CLANG_WARN_CONSTANT_CONVERSION = YES;
				CLANG_WARN_DIRECT_OBJC_ISA_USAGE = YES_ERROR;
				CLANG_WARN_EMPTY_BODY = YES;
				CLANG_WARN_ENUM_CONVERSION = YES;
				CLANG_WARN_INT_CONVERSION = YES;
				CLANG_WARN_OBJC_ROOT_CLASS = YES_ERROR;
				CLANG_WARN__DUPLICATE_METHOD_MATCH = YES;
				"CODE_SIGN_IDENTITY[sdk=iphoneos*]" = "iPhone Developer";
				COPY_PHASE_STRIP = NO;
				GCC_C_LANGUAGE_STANDARD = gnu99;
				GCC_DYNAMIC_NO_PIC = NO;
				GCC_OPTIMIZATION_LEVEL = 0;
				GCC_PREPROCESSOR_DEFINITIONS = (
					"DEBUG=1",
					"$(inherited)",
				);
				GCC_SYMBOLS_PRIVATE_EXTERN = NO;
				GCC_WARN_64_TO_32_BIT_CONVERSION = YES;
				GCC_WARN_ABOUT_RETURN_TYPE = YES_ERROR;
				GCC_WARN_UNDECLARED_SELECTOR = YES;
				GCC_WARN_UNINITIALIZED_AUTOS = YES_AGGRESSIVE;
				GCC_WARN_UNUSED_FUNCTION = YES;
				GCC_WARN_UNUSED_VARIABLE = YES;
				IPHONEOS_DEPLOYMENT_TARGET = 7.1;
				ONLY_ACTIVE_ARCH = YES;
				SDKROOT = iphoneos;
			};
			name = Debug;
		};
		695813EE199ADE2600E02D01 /* Release */ = {
			isa = XCBuildConfiguration;
			buildSettings = {
				ALWAYS_SEARCH_USER_PATHS = NO;
				CLANG_CXX_LANGUAGE_STANDARD = "gnu++0x";
				CLANG_CXX_LIBRARY = "libc++";
				CLANG_ENABLE_MODULES = YES;
				CLANG_ENABLE_OBJC_ARC = YES;
				CLANG_WARN_BOOL_CONVERSION = YES;
				CLANG_WARN_CONSTANT_CONVERSION = YES;
				CLANG_WARN_DIRECT_OBJC_ISA_USAGE = YES_ERROR;
				CLANG_WARN_EMPTY_BODY = YES;
				CLANG_WARN_ENUM_CONVERSION = YES;
				CLANG_WARN_INT_CONVERSION = YES;
				CLANG_WARN_OBJC_ROOT_CLASS = YES_ERROR;
				CLANG_WARN__DUPLICATE_METHOD_MATCH = YES;
				"CODE_SIGN_IDENTITY[sdk=iphoneos*]" = "iPhone Developer";
				COPY_PHASE_STRIP = YES;
				ENABLE_NS_ASSERTIONS = NO;
				GCC_C_LANGUAGE_STANDARD = gnu99;
				GCC_WARN_64_TO_32_BIT_CONVERSION = YES;
				GCC_WARN_ABOUT_RETURN_TYPE = YES_ERROR;
				GCC_WARN_UNDECLARED_SELECTOR = YES;
				GCC_WARN_UNINITIALIZED_AUTOS = YES_AGGRESSIVE;
				GCC_WARN_UNUSED_FUNCTION = YES;
				GCC_WARN_UNUSED_VARIABLE = YES;
				IPHONEOS_DEPLOYMENT_TARGET = 7.1;
				SDKROOT = iphoneos;
				VALIDATE_PRODUCT = YES;
			};
			name = Release;
		};
		695813F0199ADE2600E02D01 /* Debug */ = {
			isa = XCBuildConfiguration;
			buildSettings = {
				ASSETCATALOG_COMPILER_APPICON_NAME = AppIcon;
				ASSETCATALOG_COMPILER_LAUNCHIMAGE_NAME = LaunchImage;
				GCC_PRECOMPILE_PREFIX_HEADER = YES;
				GCC_PREFIX_HEADER = "UITableViewController Challenge Solution/UITableViewController Challenge Solution-Prefix.pch";
				INFOPLIST_FILE = "UITableViewController Challenge Solution/UITableViewController Challenge Solution-Info.plist";
				PRODUCT_NAME = "$(TARGET_NAME)";
				WRAPPER_EXTENSION = app;
			};
			name = Debug;
		};
		695813F1199ADE2600E02D01 /* Release */ = {
			isa = XCBuildConfiguration;
			buildSettings = {
				ASSETCATALOG_COMPILER_APPICON_NAME = AppIcon;
				ASSETCATALOG_COMPILER_LAUNCHIMAGE_NAME = LaunchImage;
				GCC_PRECOMPILE_PREFIX_HEADER = YES;
				GCC_PREFIX_HEADER = "UITableViewController Challenge Solution/UITableViewController Challenge Solution-Prefix.pch";
				INFOPLIST_FILE = "UITableViewController Challenge Solution/UITableViewController Challenge Solution-Info.plist";
				PRODUCT_NAME = "$(TARGET_NAME)";
				WRAPPER_EXTENSION = app;
			};
			name = Release;
		};
		695813F3199ADE2600E02D01 /* Debug */ = {
			isa = XCBuildConfiguration;
			buildSettings = {
				BUNDLE_LOADER = "$(BUILT_PRODUCTS_DIR)/UITableViewController Challenge Solution.app/UITableViewController Challenge Solution";
				FRAMEWORK_SEARCH_PATHS = (
					"$(SDKROOT)/Developer/Library/Frameworks",
					"$(inherited)",
					"$(DEVELOPER_FRAMEWORKS_DIR)",
				);
				GCC_PRECOMPILE_PREFIX_HEADER = YES;
				GCC_PREFIX_HEADER = "UITableViewController Challenge Solution/UITableViewController Challenge Solution-Prefix.pch";
				GCC_PREPROCESSOR_DEFINITIONS = (
					"DEBUG=1",
					"$(inherited)",
				);
				INFOPLIST_FILE = "UITableViewController Challenge SolutionTests/UITableViewController Challenge SolutionTests-Info.plist";
				PRODUCT_NAME = "$(TARGET_NAME)";
				TEST_HOST = "$(BUNDLE_LOADER)";
				WRAPPER_EXTENSION = xctest;
			};
			name = Debug;
		};
		695813F4199ADE2600E02D01 /* Release */ = {
			isa = XCBuildConfiguration;
			buildSettings = {
				BUNDLE_LOADER = "$(BUILT_PRODUCTS_DIR)/UITableViewController Challenge Solution.app/UITableViewController Challenge Solution";
				FRAMEWORK_SEARCH_PATHS = (
					"$(SDKROOT)/Developer/Library/Frameworks",
					"$(inherited)",
					"$(DEVELOPER_FRAMEWORKS_DIR)",
				);
				GCC_PRECOMPILE_PREFIX_HEADER = YES;
				GCC_PREFIX_HEADER = "UITableViewController Challenge Solution/UITableViewController Challenge Solution-Prefix.pch";
				INFOPLIST_FILE = "UITableViewController Challenge SolutionTests/UITableViewController Challenge SolutionTests-Info.plist";
				PRODUCT_NAME = "$(TARGET_NAME)";
				TEST_HOST = "$(BUNDLE_LOADER)";
				WRAPPER_EXTENSION = xctest;
			};
			name = Release;
		};
/* End XCBuildConfiguration section */

/* Begin XCConfigurationList section */
		695813B8199ADE2600E02D01 /* Build configuration list for PBXProject "UITableViewController Challenge Solution" */ = {
			isa = XCConfigurationList;
			buildConfigurations = (
				695813ED199ADE2600E02D01 /* Debug */,
				695813EE199ADE2600E02D01 /* Release */,
			);
			defaultConfigurationIsVisible = 0;
			defaultConfigurationName = Release;
		};
		695813EF199ADE2600E02D01 /* Build configuration list for PBXNativeTarget "UITableViewController Challenge Solution" */ = {
			isa = XCConfigurationList;
			buildConfigurations = (
				695813F0199ADE2600E02D01 /* Debug */,
				695813F1199ADE2600E02D01 /* Release */,
			);
			defaultConfigurationIsVisible = 0;
		};
		695813F2199ADE2600E02D01 /* Build configuration list for PBXNativeTarget "UITableViewController Challenge SolutionTests" */ = {
			isa = XCConfigurationList;
			buildConfigurations = (
				695813F3199ADE2600E02D01 /* Debug */,
				695813F4199ADE2600E02D01 /* Release */,
			);
			defaultConfigurationIsVisible = 0;
		};
/* End XCConfigurationList section */
	};
	rootObject = 695813B5199ADE2600E02D01 /* Project object */;
}
